
Microsoft Visual Studio Solution File, Format Version 12.00
# Visual Studio 14
VisualStudioVersion = 14.0.25420.1
MinimumVisualStudioVersion = 10.0.40219.1
Project("{6989167D-11E4-40FE-8C1A-2192A86A7E90}") = "BLACK_BA_DVF", "BLACK_BA_DVF.vfproj", "{45379FB7-FF96-4D84-8B12-2320D72D60F5}"
EndProject
Global
	GlobalSection(SolutionConfigurationPlatforms) = preSolution
		Debug|x86 = Debug|x86
		Release|x86 = Release|x86
	EndGlobalSection
	GlobalSection(ProjectConfigurationPlatforms) = postSolution
		{45379FB7-FF96-4D84-8B12-2320D72D60F5}.Debug|x86.ActiveCfg = Debug|Win32
		{45379FB7-FF96-4D84-8B12-2320D72D60F5}.Debug|x86.Build.0 = Debug|Win32
		{45379FB7-FF96-4D84-8B12-2320D72D60F5}.Release|x86.ActiveCfg = Release|Win32
		{45379FB7-FF96-4D84-8B12-2320D72D60F5}.Release|x86.Build.0 = Release|Win32
	EndGlobalSection
	GlobalSection(SolutionProperties) = preSolution
		HideSolutionNode = FALSE
	EndGlobalSection
EndGlobal
